// !$*UTF8*$!
{
	archiveVersion = 1;
	classes = {
	};
	objectVersion = 46;
	objects = {

/* Begin PBXBuildFile section */
		F47913501ED6B8CE002D606A /* main.swift in Sources */ = {isa = PBXBuildFile; fileRef = F479134F1ED6B8CE002D606A /* main.swift */; };
		F47913571ED6BAF1002D606A /* GenericityClass.swift in Sources */ = {isa = PBXBuildFile; fileRef = F47913561ED6BAF1002D606A /* GenericityClass.swift */; };
/* End PBXBuildFile section */

/* Begin PBXCopyFilesBuildPhase section */
		F479134A1ED6B8CE002D606A /* CopyFiles */ = {
			isa = PBXCopyFilesBuildPhase;
			buildActionMask = 2147483647;
			dstPath = /usr/share/man/man1/;
			dstSubfolderSpec = 0;
			files = (
			);
			runOnlyForDeploymentPostprocessing = 1;
		};
/* End PBXCopyFilesBuildPhase section */

/* Begin PBXFileReference section */
		F479134C1ED6B8CE002D606A /* TipSwiftForRac */ = {isa = PBXFileReference; explicitFileType = "compiled.mach-o.executable"; includeInIndex = 0; path = TipSwiftForRac; sourceTree = BUILT_PRODUCTS_DIR; };
		F479134F1ED6B8CE002D606A /* main.swift */ = {isa = PBXFileReference; lastKnownFileType = sourcecode.swift; path = main.swift; sourceTree = "<group>"; };
		F47913561ED6BAF1002D606A /* GenericityClass.swift */ = {isa = PBXFileReference; fileEncoding = 4; lastKnownFileType = sourcecode.swift; path = GenericityClass.swift; sourceTree = "<group>"; };
/* End PBXFileReference section */

/* Begin PBXFrameworksBuildPhase section */
		F47913491ED6B8CE002D606A /* Frameworks */ = {
			isa = PBXFrameworksBuildPhase;
			buildActionMask = 2147483647;
			files = (
			);
			runOnlyForDeploymentPostprocessing = 0;
		};
/* End PBXFrameworksBuildPhase section */

/* Begin PBXGroup section */
		F47913431ED6B8CE002D606A = {
			isa = PBXGroup;
			children = (
				F479134E1ED6B8CE002D606A /* TipSwiftForRac */,
				F479134D1ED6B8CE002D606A /* Products */,
			);
			sourceTree = "<group>";
		};
		F479134D1ED6B8CE002D606A /* Products */ = {
			isa = PBXGroup;
			children = (
				F479134C1ED6B8CE002D606A /* TipSwiftForRac */,
			);
			name = Products;
			sourceTree = "<group>";
		};
		F479134E1ED6B8CE002D606A /* TipSwiftForRac */ = {
			isa = PBXGroup;
			children = (
				F479134F1ED6B8CE002D606A /* main.swift */,
				F47913561ED6BAF1002D606A /* GenericityClass.swift */,
			);
			path = TipSwiftForRac;
			sourceTree = "<group>";
		};
/* End PBXGroup section */

/* Begin PBXNativeTarget section */
		F479134B1ED6B8CE002D606A /* TipSwiftForRac */ = {
			isa = PBXNativeTarget;
			buildConfigurationList = F47913531ED6B8CE002D606A /* Build configuration list for PBXNativeTarget "TipSwiftForRac" */;
			buildPhases = (
				F47913481ED6B8CE002D606A /* Sources */,
				F47913491ED6B8CE002D606A /* Frameworks */,
				F479134A1ED6B8CE002D606A /* CopyFiles */,
			);
			buildRules = (
			);
			dependencies = (
			);
			name = TipSwiftForRac;
			productName = TipSwiftForRac;
			productReference = F479134C1ED6B8CE002D606A /* TipSwiftForRac */;
			productType = "com.apple.product-type.tool";
		};
/* End PBXNativeTarget section */

/* Begin PBXProject section */
		F47913441ED6B8CE002D606A /* Project object */ = {
			isa = PBXProject;
			attributes = {
				LastSwiftUpdateCheck = 0830;
				LastUpgradeCheck = 0830;
				ORGANIZATIONNAME = ZeluLi;
				TargetAttributes = {
					F479134B1ED6B8CE002D606A = {
						CreatedOnToolsVersion = 8.3.2;
						DevelopmentTeam = AWN3A347S4;
						ProvisioningStyle = Automatic;
					};
				};
			};
			buildConfigurationList = F47913471ED6B8CE002D606A /* Build configuration list for PBXProject "TipSwiftForRac" */;
			compatibilityVersion = "Xcode 3.2";
			developmentRegion = English;
			hasScannedForEncodings = 0;
			knownRegions = (
				en,
			);
			mainGroup = F47913431ED6B8CE002D606A;
			productRefGroup = F479134D1ED6B8CE002D606A /* Products */;
			projectDirPath = "";
			projectRoot = "";
			targets = (
				F479134B1ED6B8CE002D606A /* TipSwiftForRac */,
			);
		};
/* End PBXProject section */

/* Begin PBXSourcesBuildPhase section */
		F47913481ED6B8CE002D606A /* Sources */ = {
			isa = PBXSourcesBuildPhase;
			buildActionMask = 2147483647;
			files = (
				F47913501ED6B8CE002D606A /* main.swift in Sources */,
				F47913571ED6BAF1002D606A /* GenericityClass.swift in Sources */,
			);
			runOnlyForDeploymentPostprocessing = 0;
		};
/* End PBXSourcesBuildPhase section */

/* Begin XCBuildConfiguration section */
		F47913511ED6B8CE002D606A /* Debug */ = {
			isa = XCBuildConfiguration;
			buildSettings = {
				ALWAYS_SEARCH_USER_PATHS = NO;
				CLANG_ANALYZER_NONNULL = YES;
				CLANG_ANALYZER_NUMBER_OBJECT_CONVERSION = YES_AGGRESSIVE;
				CLANG_CXX_LANGUAGE_STANDARD = "gnu++0x";
				CLANG_CXX_LIBRARY = "libc++";
				CLANG_ENABLE_MODULES = YES;
				CLANG_ENABLE_OBJC_ARC = YES;
				CLANG_WARN_BOOL_CONVERSION = YES;
				CLANG_WARN_CONSTANT_CONVERSION = YES;
				CLANG_WARN_DIRECT_OBJC_ISA_USAGE = YES_ERROR;
				CLANG_WARN_DOCUMENTATION_COMMENTS = YES;
				CLANG_WARN_EMPTY_BODY = YES;
				CLANG_WARN_ENUM_CONVERSION = YES;
				CLANG_WARN_INFINITE_RECURSION = YES;
				CLANG_WARN_INT_CONVERSION = YES;
				CLANG_WARN_OBJC_ROOT_CLASS = YES_ERROR;
				CLANG_WARN_SUSPICIOUS_MOVE = YES;
				CLANG_WARN_UNREACHABLE_CODE = YES;
				CLANG_WARN__DUPLICATE_METHOD_MATCH = YES;
				CODE_SIGN_IDENTITY = "-";
				COPY_PHASE_STRIP = NO;
				DEBUG_INFORMATION_FORMAT = dwarf;
				ENABLE_STRICT_OBJC_MSGSEND = YES;
				ENABLE_TESTABILITY = YES;
				GCC_C_LANGUAGE_STANDARD = gnu99;
				GCC_DYNAMIC_NO_PIC = NO;
				GCC_NO_COMMON_BLOCKS = YES;
				GCC_OPTIMIZATION_LEVEL = 0;
				GCC_PREPROCESSOR_DEFINITIONS = (
					"DEBUG=1",
					"$(inherited)",
				);
				GCC_WARN_64_TO_32_BIT_CONVERSION = YES;
				GCC_WARN_ABOUT_RETURN_TYPE = YES_ERROR;
				GCC_WARN_UNDECLARED_SELECTOR = YES;
				GCC_WARN_UNINITIALIZED_AUTOS = YES_AGGRESSIVE;
				GCC_WARN_UNUSED_FUNCTION = YES;
				GCC_WARN_UNUSED_VARIABLE = YES;
				MACOSX_DEPLOYMENT_TARGET = 10.12;
				MTL_ENABLE_DEBUG_INFO = YES;
				ONLY_ACTIVE_ARCH = YES;
				SDKROOT = macosx;
				SWIFT_OPTIMIZATION_LEVEL = "-Onone";
			};
			name = Debug;
		};
		F47913521ED6B8CE002D606A /* Release */ = {
			isa = XCBuildConfiguration;
			buildSettings = {
				ALWAYS_SEARCH_USER_PATHS = NO;
				CLANG_ANALYZER_NONNULL = YES;
				CLANG_ANALYZER_NUMBER_OBJECT_CONVERSION = YES_AGGRESSIVE;
				CLANG_CXX_LANGUAGE_STANDARD = "gnu++0x";
				CLANG_CXX_LIBRARY = "libc++";
				CLANG_ENABLE_MODULES = YES;
				CLANG_ENABLE_OBJC_ARC = YES;
				CLANG_WARN_BOOL_CONVERSION = YES;
				CLANG_WARN_CONSTANT_CONVERSION = YES;
				CLANG_WARN_DIRECT_OBJC_ISA_USAGE = YES_ERROR;
				CLANG_WARN_DOCUMENTATION_COMMENTS = YES;
				CLANG_WARN_EMPTY_BODY = YES;
				CLANG_WARN_ENUM_CONVERSION = YES;
				CLANG_WARN_INFINITE_RECURSION = YES;
				CLANG_WARN_INT_CONVERSION = YES;
				CLANG_WARN_OBJC_ROOT_CLASS = YES_ERROR;
				CLANG_WARN_SUSPICIOUS_MOVE = YES;
				CLANG_WARN_UNREACHABLE_CODE = YES;
				CLANG_WARN__DUPLICATE_METHOD_MATCH = YES;
				CODE_SIGN_IDENTITY = "-";
				COPY_PHASE_STRIP = NO;
				DEBUG_INFORMATION_FORMAT = "dwarf-with-dsym";
				ENABLE_NS_ASSERTIONS = NO;
				ENABLE_STRICT_OBJC_MSGSEND = YES;
				GCC_C_LANGUAGE_STANDARD = gnu99;
				GCC_NO_COMMON_BLOCKS = YES;
				GCC_WARN_64_TO_32_BIT_CONVERSION = YES;
				GCC_WARN_ABOUT_RETURN_TYPE = YES_ERROR;
				GCC_WARN_UNDECLARED_SELECTOR = YES;
				GCC_WARN_UNINITIALIZED_AUTOS = YES_AGGRESSIVE;
				GCC_WARN_UNUSED_FUNCTION = YES;
				GCC_WARN_UNUSED_VARIABLE = YES;
				MACOSX_DEPLOYMENT_TARGET = 10.12;
				MTL_ENABLE_DEBUG_INFO = NO;
				SDKROOT = macosx;
			};
			name = Release;
		};
		F47913541ED6B8CE002D606A /* Debug */ = {
			isa = XCBuildConfiguration;
			buildSettings = {
				DEVELOPMENT_TEAM = AWN3A347S4;
				PRODUCT_NAME = "$(TARGET_NAME)";
				SWIFT_VERSION = 3.0;
			};
			name = Debug;
		};
		F47913551ED6B8CE002D606A /* Release */ = {
			isa = XCBuildConfiguration;
			buildSettings = {
				DEVELOPMENT_TEAM = AWN3A347S4;
				PRODUCT_NAME = "$(TARGET_NAME)";
				SWIFT_VERSION = 3.0;
			};
			name = Release;
		};
/* End XCBuildConfiguration section */

/* Begin XCConfigurationList section */
		F47913471ED6B8CE002D606A /* Build configuration list for PBXProject "TipSwiftForRac" */ = {
			isa = XCConfigurationList;
			buildConfigurations = (
				F47913511ED6B8CE002D606A /* Debug */,
				F47913521ED6B8CE002D606A /* Release */,
			);
			defaultConfigurationIsVisible = 0;
			defaultConfigurationName = Release;
		};
		F47913531ED6B8CE002D606A /* Build configuration list for PBXNativeTarget "TipSwiftForRac" */ = {
			isa = XCConfigurationList;
			buildConfigurations = (
				F47913541ED6B8CE002D606A /* Debug */,
				F47913551ED6B8CE002D606A /* Release */,
			);
			defaultConfigurationIsVisible = 0;
		};
/* End XCConfigurationList section */
	};
	rootObject = F47913441ED6B8CE002D606A /* Project object */;
}
